
Microsoft Visual Studio Solution File, Format Version 12.00
# Visual Studio 2013
VisualStudioVersion = 12.0.21005.1
MinimumVisualStudioVersion = 10.0.40219.1
Project("{8BC9CEB8-8B4A-11D0-8D11-00A0C91BC942}") = "cvgesture", "cvgesture\cvgesture.vcxproj", "{0697F191-E243-4551-A5AC-A11FC6E1447C}"
EndProject
Project("{8BC9CEB8-8B4A-11D0-8D11-00A0C91BC942}") = "cvg_test", "cvg_test\cvg_test.vcxproj", "{BEE8CBCC-7C94-4860-97D8-FF2CFBC8A91F}"
EndProject
Global
	GlobalSection(SolutionConfigurationPlatforms) = preSolution
		Debug_Win32t|Win32 = Debug_Win32t|Win32
		Debug|Win32 = Debug|Win32
		Release_Win32t|Win32 = Release_Win32t|Win32
		Release|Win32 = Release|Win32
	EndGlobalSection
	GlobalSection(ProjectConfigurationPlatforms) = postSolution
		{0697F191-E243-4551-A5AC-A11FC6E1447C}.Debug_Win32t|Win32.ActiveCfg = Debug_Win32t|Win32
		{0697F191-E243-4551-A5AC-A11FC6E1447C}.Debug_Win32t|Win32.Build.0 = Debug_Win32t|Win32
		{0697F191-E243-4551-A5AC-A11FC6E1447C}.Debug|Win32.ActiveCfg = Debug|Win32
		{0697F191-E243-4551-A5AC-A11FC6E1447C}.Debug|Win32.Build.0 = Debug|Win32
		{0697F191-E243-4551-A5AC-A11FC6E1447C}.Release_Win32t|Win32.ActiveCfg = Release_Win32t|Win32
		{0697F191-E243-4551-A5AC-A11FC6E1447C}.Release_Win32t|Win32.Build.0 = Release_Win32t|Win32
		{0697F191-E243-4551-A5AC-A11FC6E1447C}.Release|Win32.ActiveCfg = Release|Win32
		{0697F191-E243-4551-A5AC-A11FC6E1447C}.Release|Win32.Build.0 = Release|Win32
		{BEE8CBCC-7C94-4860-97D8-FF2CFBC8A91F}.Debug_Win32t|Win32.ActiveCfg = Debug_Win32t|Win32
		{BEE8CBCC-7C94-4860-97D8-FF2CFBC8A91F}.Debug_Win32t|Win32.Build.0 = Debug_Win32t|Win32
		{BEE8CBCC-7C94-4860-97D8-FF2CFBC8A91F}.Debug|Win32.ActiveCfg = Debug|Win32
		{BEE8CBCC-7C94-4860-97D8-FF2CFBC8A91F}.Debug|Win32.Build.0 = Debug|Win32
		{BEE8CBCC-7C94-4860-97D8-FF2CFBC8A91F}.Release_Win32t|Win32.ActiveCfg = Release_Win32t|Win32
		{BEE8CBCC-7C94-4860-97D8-FF2CFBC8A91F}.Release_Win32t|Win32.Build.0 = Release_Win32t|Win32
		{BEE8CBCC-7C94-4860-97D8-FF2CFBC8A91F}.Release|Win32.ActiveCfg = Release|Win32
		{BEE8CBCC-7C94-4860-97D8-FF2CFBC8A91F}.Release|Win32.Build.0 = Release|Win32
	EndGlobalSection
	GlobalSection(SolutionProperties) = preSolution
		HideSolutionNode = FALSE
	EndGlobalSection
EndGlobal
